
Microsoft Visual Studio Solution File, Format Version 12.00
# Visual Studio 15
VisualStudioVersion = 15.0.27130.2036
MinimumVisualStudioVersion = 10.0.40219.1
Project("{8BC9CEB8-8B4A-11D0-8D11-00A0C91BC942}") = "SIMD", "SIMD.vcxproj", "{A911C5D3-2AEE-4401-BD7E-875341118490}"
EndProject
Global
	GlobalSection(SolutionConfigurationPlatforms) = preSolution
		Debug|x64 = Debug|x64
		Debug|x86 = Debug|x86
		Release|x64 = Release|x64
		Release|x86 = Release|x86
	EndGlobalSection
	GlobalSection(ProjectConfigurationPlatforms) = postSolution
		{A911C5D3-2AEE-4401-BD7E-875341118490}.Debug|x64.ActiveCfg = Debug|x64
		{A911C5D3-2AEE-4401-BD7E-875341118490}.Debug|x64.Build.0 = Debug|x64
		{A911C5D3-2AEE-4401-BD7E-875341118490}.Debug|x86.ActiveCfg = Debug|Win32
		{A911C5D3-2AEE-4401-BD7E-875341118490}.Debug|x86.Build.0 = Debug|Win32
		{A911C5D3-2AEE-4401-BD7E-875341118490}.Release|x64.ActiveCfg = Release|x64
		{A911C5D3-2AEE-4401-BD7E-875341118490}.Release|x64.Build.0 = Release|x64
		{A911C5D3-2AEE-4401-BD7E-875341118490}.Release|x86.ActiveCfg = Release|Win32
		{A911C5D3-2AEE-4401-BD7E-875341118490}.Release|x86.Build.0 = Release|Win32
	EndGlobalSection
	GlobalSection(SolutionProperties) = preSolution
		HideSolutionNode = FALSE
	EndGlobalSection
	GlobalSection(ExtensibilityGlobals) = postSolution
		SolutionGuid = {873E775A-21F2-4749-92B6-769B41DA4528}
	EndGlobalSection
EndGlobal
